
Microsoft Visual Studio Solution File, Format Version 12.00
# Visual Studio Version 16
VisualStudioVersion = 16.0.31515.178
MinimumVisualStudioVersion = 10.0.40219.1
Project("{9A19103F-16F7-4668-BE54-9A1E7A4F7556}") = "CompanyEmployees", "CompanyEmployees\CompanyEmployees.csproj", "{DB8BA9C5-B86A-41D1-B450-79FED4D39298}"
EndProject
Project("{9A19103F-16F7-4668-BE54-9A1E7A4F7556}") = "Contracts", "Contracts\Contracts.csproj", "{47E916F4-112A-4829-B0FA-A61E52F64F83}"
EndProject
Project("{9A19103F-16F7-4668-BE54-9A1E7A4F7556}") = "LoggerService", "LoggerService\LoggerService.csproj", "{9C9A1AC0-C4C6-40AB-A385-BBE457FC983B}"
EndProject
Project("{9A19103F-16F7-4668-BE54-9A1E7A4F7556}") = "Entities", "Entities\Entities.csproj", "{6F76866F-4591-462D-8930-368B2DB9063C}"
EndProject
Project("{FAE04EC0-301F-11D3-BF4B-00C04F79EFBC}") = "Repository", "Repository\Repository.csproj", "{87252A6F-05FA-484B-BD32-4C38CCD71F55}"
EndProject
Global
	GlobalSection(SolutionConfigurationPlatforms) = preSolution
		Debug|Any CPU = Debug|Any CPU
		Release|Any CPU = Release|Any CPU
	EndGlobalSection
	GlobalSection(ProjectConfigurationPlatforms) = postSolution
		{DB8BA9C5-B86A-41D1-B450-79FED4D39298}.Debug|Any CPU.ActiveCfg = Debug|Any CPU
		{DB8BA9C5-B86A-41D1-B450-79FED4D39298}.Debug|Any CPU.Build.0 = Debug|Any CPU
		{DB8BA9C5-B86A-41D1-B450-79FED4D39298}.Release|Any CPU.ActiveCfg = Release|Any CPU
		{DB8BA9C5-B86A-41D1-B450-79FED4D39298}.Release|Any CPU.Build.0 = Release|Any CPU
		{47E916F4-112A-4829-B0FA-A61E52F64F83}.Debug|Any CPU.ActiveCfg = Debug|Any CPU
		{47E916F4-112A-4829-B0FA-A61E52F64F83}.Debug|Any CPU.Build.0 = Debug|Any CPU
		{47E916F4-112A-4829-B0FA-A61E52F64F83}.Release|Any CPU.ActiveCfg = Release|Any CPU
		{47E916F4-112A-4829-B0FA-A61E52F64F83}.Release|Any CPU.Build.0 = Release|Any CPU
		{9C9A1AC0-C4C6-40AB-A385-BBE457FC983B}.Debug|Any CPU.ActiveCfg = Debug|Any CPU
		{9C9A1AC0-C4C6-40AB-A385-BBE457FC983B}.Debug|Any CPU.Build.0 = Debug|Any CPU
		{9C9A1AC0-C4C6-40AB-A385-BBE457FC983B}.Release|Any CPU.ActiveCfg = Release|Any CPU
		{9C9A1AC0-C4C6-40AB-A385-BBE457FC983B}.Release|Any CPU.Build.0 = Release|Any CPU
		{6F76866F-4591-462D-8930-368B2DB9063C}.Debug|Any CPU.ActiveCfg = Debug|Any CPU
		{6F76866F-4591-462D-8930-368B2DB9063C}.Debug|Any CPU.Build.0 = Debug|Any CPU
		{6F76866F-4591-462D-8930-368B2DB9063C}.Release|Any CPU.ActiveCfg = Release|Any CPU
		{6F76866F-4591-462D-8930-368B2DB9063C}.Release|Any CPU.Build.0 = Release|Any CPU
		{87252A6F-05FA-484B-BD32-4C38CCD71F55}.Debug|Any CPU.ActiveCfg = Debug|Any CPU
		{87252A6F-05FA-484B-BD32-4C38CCD71F55}.Debug|Any CPU.Build.0 = Debug|Any CPU
		{87252A6F-05FA-484B-BD32-4C38CCD71F55}.Release|Any CPU.ActiveCfg = Release|Any CPU
		{87252A6F-05FA-484B-BD32-4C38CCD71F55}.Release|Any CPU.Build.0 = Release|Any CPU
	EndGlobalSection
	GlobalSection(SolutionProperties) = preSolution
		HideSolutionNode = FALSE
	EndGlobalSection
	GlobalSection(ExtensibilityGlobals) = postSolution
		SolutionGuid = {35ABA0C3-11B3-48FF-9A83-F4F6F13792B7}
	EndGlobalSection
EndGlobal
